
Microsoft Visual Studio Solution File, Format Version 12.00
Project("{F2A71F9B-5D33-465A-A702-920D77279786}") = "1", "1\1.fsproj", "{B6D59F15-0B81-4A49-9981-39C8E33BA336}"
EndProject
Project("{F2A71F9B-5D33-465A-A702-920D77279786}") = "2", "2\2.fsproj", "{977837B9-1823-4197-B6D0-8D77D154DB85}"
EndProject
Global
	GlobalSection(SolutionConfigurationPlatforms) = preSolution
		Debug|Any CPU = Debug|Any CPU
		Release|Any CPU = Release|Any CPU
	EndGlobalSection
	GlobalSection(ProjectConfigurationPlatforms) = postSolution
		{B6D59F15-0B81-4A49-9981-39C8E33BA336}.Debug|Any CPU.ActiveCfg = Debug|Any CPU
		{B6D59F15-0B81-4A49-9981-39C8E33BA336}.Debug|Any CPU.Build.0 = Debug|Any CPU
		{B6D59F15-0B81-4A49-9981-39C8E33BA336}.Release|Any CPU.ActiveCfg = Release|Any CPU
		{B6D59F15-0B81-4A49-9981-39C8E33BA336}.Release|Any CPU.Build.0 = Release|Any CPU
		{977837B9-1823-4197-B6D0-8D77D154DB85}.Debug|Any CPU.ActiveCfg = Debug|Any CPU
		{977837B9-1823-4197-B6D0-8D77D154DB85}.Debug|Any CPU.Build.0 = Debug|Any CPU
		{977837B9-1823-4197-B6D0-8D77D154DB85}.Release|Any CPU.ActiveCfg = Release|Any CPU
		{977837B9-1823-4197-B6D0-8D77D154DB85}.Release|Any CPU.Build.0 = Release|Any CPU
	EndGlobalSection
EndGlobal
